// !$*UTF8*$!
{
	archiveVersion = 1;
	classes = {
	};
	objectVersion = 50;
	objects = {

/* Begin PBXBuildFile section */
		57397E462132F212002A07D8 /* CustomViewXib.swift in Sources */ = {isa = PBXBuildFile; fileRef = 57397E452132F212002A07D8 /* CustomViewXib.swift */; };
		57397E482132F21E002A07D8 /* CustomViewXib.xib in Resources */ = {isa = PBXBuildFile; fileRef = 57397E472132F21E002A07D8 /* CustomViewXib.xib */; };
		5746C4F720D3BAB800DAA99F /* RoundButton.swift in Sources */ = {isa = PBXBuildFile; fileRef = 5746C4F620D3BAB800DAA99F /* RoundButton.swift */; };
		57D0240920D3A6D600DCAE69 /* AppDelegate.swift in Sources */ = {isa = PBXBuildFile; fileRef = 57D0240820D3A6D600DCAE69 /* AppDelegate.swift */; };
		57D0240E20D3A6D600DCAE69 /* Main.storyboard in Resources */ = {isa = PBXBuildFile; fileRef = 57D0240C20D3A6D600DCAE69 /* Main.storyboard */; };
		57D0241020D3A6D700DCAE69 /* Assets.xcassets in Resources */ = {isa = PBXBuildFile; fileRef = 57D0240F20D3A6D700DCAE69 /* Assets.xcassets */; };
		57D0241320D3A6D700DCAE69 /* LaunchScreen.storyboard in Resources */ = {isa = PBXBuildFile; fileRef = 57D0241120D3A6D700DCAE69 /* LaunchScreen.storyboard */; };
		57D0241D20D3AD0800DCAE69 /* CustomViewWithXIB.swift in Sources */ = {isa = PBXBuildFile; fileRef = 57D0241C20D3AD0800DCAE69 /* CustomViewWithXIB.swift */; };
		57D0241F20D3AD1200DCAE69 /* CustomView.swift in Sources */ = {isa = PBXBuildFile; fileRef = 57D0241E20D3AD1200DCAE69 /* CustomView.swift */; };
		57D0242120D3B22400DCAE69 /* CommonCustomViewController.swift in Sources */ = {isa = PBXBuildFile; fileRef = 57D0242020D3B22400DCAE69 /* CommonCustomViewController.swift */; };
		57D0242420D3B25D00DCAE69 /* CustomViewWithXIB.xib in Resources */ = {isa = PBXBuildFile; fileRef = 57D0242320D3B25D00DCAE69 /* CustomViewWithXIB.xib */; };
/* End PBXBuildFile section */

/* Begin PBXFileReference section */
		57397E452132F212002A07D8 /* CustomViewXib.swift */ = {isa = PBXFileReference; lastKnownFileType = sourcecode.swift; path = CustomViewXib.swift; sourceTree = "<group>"; };
		57397E472132F21E002A07D8 /* CustomViewXib.xib */ = {isa = PBXFileReference; lastKnownFileType = file.xib; path = CustomViewXib.xib; sourceTree = "<group>"; };
		5746C4F620D3BAB800DAA99F /* RoundButton.swift */ = {isa = PBXFileReference; lastKnownFileType = sourcecode.swift; path = RoundButton.swift; sourceTree = "<group>"; };
		57D0240520D3A6D600DCAE69 /* SwiftCustomViews.app */ = {isa = PBXFileReference; explicitFileType = wrapper.application; includeInIndex = 0; path = SwiftCustomViews.app; sourceTree = BUILT_PRODUCTS_DIR; };
		57D0240820D3A6D600DCAE69 /* AppDelegate.swift */ = {isa = PBXFileReference; lastKnownFileType = sourcecode.swift; path = AppDelegate.swift; sourceTree = "<group>"; };
		57D0240D20D3A6D600DCAE69 /* Base */ = {isa = PBXFileReference; lastKnownFileType = file.storyboard; name = Base; path = Base.lproj/Main.storyboard; sourceTree = "<group>"; };
		57D0240F20D3A6D700DCAE69 /* Assets.xcassets */ = {isa = PBXFileReference; lastKnownFileType = folder.assetcatalog; path = Assets.xcassets; sourceTree = "<group>"; };
		57D0241220D3A6D700DCAE69 /* Base */ = {isa = PBXFileReference; lastKnownFileType = file.storyboard; name = Base; path = Base.lproj/LaunchScreen.storyboard; sourceTree = "<group>"; };
		57D0241420D3A6D700DCAE69 /* Info.plist */ = {isa = PBXFileReference; lastKnownFileType = text.plist.xml; path = Info.plist; sourceTree = "<group>"; };
		57D0241C20D3AD0800DCAE69 /* CustomViewWithXIB.swift */ = {isa = PBXFileReference; lastKnownFileType = sourcecode.swift; path = CustomViewWithXIB.swift; sourceTree = "<group>"; };
		57D0241E20D3AD1200DCAE69 /* CustomView.swift */ = {isa = PBXFileReference; lastKnownFileType = sourcecode.swift; path = CustomView.swift; sourceTree = "<group>"; };
		57D0242020D3B22400DCAE69 /* CommonCustomViewController.swift */ = {isa = PBXFileReference; lastKnownFileType = sourcecode.swift; path = CommonCustomViewController.swift; sourceTree = "<group>"; };
		57D0242320D3B25D00DCAE69 /* CustomViewWithXIB.xib */ = {isa = PBXFileReference; lastKnownFileType = file.xib; path = CustomViewWithXIB.xib; sourceTree = "<group>"; };
/* End PBXFileReference section */

/* Begin PBXFrameworksBuildPhase section */
		57D0240220D3A6D600DCAE69 /* Frameworks */ = {
			isa = PBXFrameworksBuildPhase;
			buildActionMask = 2147483647;
			files = (
			);
			runOnlyForDeploymentPostprocessing = 0;
		};
/* End PBXFrameworksBuildPhase section */

/* Begin PBXGroup section */
		5746C4F520D3BA9F00DAA99F /* RoundButton */ = {
			isa = PBXGroup;
			children = (
				5746C4F620D3BAB800DAA99F /* RoundButton.swift */,
			);
			path = RoundButton;
			sourceTree = "<group>";
		};
		5746C4FE20D94D1900DAA99F /* Supporting Files */ = {
			isa = PBXGroup;
			children = (
				57D0240820D3A6D600DCAE69 /* AppDelegate.swift */,
				57D0240F20D3A6D700DCAE69 /* Assets.xcassets */,
				57D0241120D3A6D700DCAE69 /* LaunchScreen.storyboard */,
			);
			path = "Supporting Files";
			sourceTree = "<group>";
		};
		57D023FC20D3A6D600DCAE69 = {
			isa = PBXGroup;
			children = (
				57D0240720D3A6D600DCAE69 /* SwiftCustomViews */,
				57D0240620D3A6D600DCAE69 /* Products */,
			);
			sourceTree = "<group>";
		};
		57D0240620D3A6D600DCAE69 /* Products */ = {
			isa = PBXGroup;
			children = (
				57D0240520D3A6D600DCAE69 /* SwiftCustomViews.app */,
			);
			name = Products;
			sourceTree = "<group>";
		};
		57D0240720D3A6D600DCAE69 /* SwiftCustomViews */ = {
			isa = PBXGroup;
			children = (
				57D0242220D3B23100DCAE69 /* CommonCustomView */,
				5746C4FE20D94D1900DAA99F /* Supporting Files */,
				57D0240C20D3A6D600DCAE69 /* Main.storyboard */,
				57D0241420D3A6D700DCAE69 /* Info.plist */,
			);
			path = SwiftCustomViews;
			sourceTree = "<group>";
		};
		57D0241A20D3ACE400DCAE69 /* 2-CustomView */ = {
			isa = PBXGroup;
			children = (
				57D0241E20D3AD1200DCAE69 /* CustomView.swift */,
			);
			path = "2-CustomView";
			sourceTree = "<group>";
		};
		57D0241B20D3ACF500DCAE69 /* 1-CustomViewWithXIB */ = {
			isa = PBXGroup;
			children = (
				57D0241C20D3AD0800DCAE69 /* CustomViewWithXIB.swift */,
				57D0242320D3B25D00DCAE69 /* CustomViewWithXIB.xib */,
				57397E452132F212002A07D8 /* CustomViewXib.swift */,
				57397E472132F21E002A07D8 /* CustomViewXib.xib */,
			);
			path = "1-CustomViewWithXIB";
			sourceTree = "<group>";
		};
		57D0242220D3B23100DCAE69 /* CommonCustomView */ = {
			isa = PBXGroup;
			children = (
				5746C4F520D3BA9F00DAA99F /* RoundButton */,
				57D0242020D3B22400DCAE69 /* CommonCustomViewController.swift */,
				57D0241B20D3ACF500DCAE69 /* 1-CustomViewWithXIB */,
				57D0241A20D3ACE400DCAE69 /* 2-CustomView */,
			);
			path = CommonCustomView;
			sourceTree = "<group>";
		};
/* End PBXGroup section */

/* Begin PBXNativeTarget section */
		57D0240420D3A6D600DCAE69 /* SwiftCustomViews */ = {
			isa = PBXNativeTarget;
			buildConfigurationList = 57D0241720D3A6D700DCAE69 /* Build configuration list for PBXNativeTarget "SwiftCustomViews" */;
			buildPhases = (
				57D0240120D3A6D600DCAE69 /* Sources */,
				57D0240220D3A6D600DCAE69 /* Frameworks */,
				57D0240320D3A6D600DCAE69 /* Resources */,
			);
			buildRules = (
			);
			dependencies = (
			);
			name = SwiftCustomViews;
			productName = SwiftCustomViews;
			productReference = 57D0240520D3A6D600DCAE69 /* SwiftCustomViews.app */;
			productType = "com.apple.product-type.application";
		};
/* End PBXNativeTarget section */

/* Begin PBXProject section */
		57D023FD20D3A6D600DCAE69 /* Project object */ = {
			isa = PBXProject;
			attributes = {
				LastSwiftUpdateCheck = 0930;
				LastUpgradeCheck = 0930;
				ORGANIZATIONNAME = "未魔";
				TargetAttributes = {
					57D0240420D3A6D600DCAE69 = {
						CreatedOnToolsVersion = 9.3.1;
					};
				};
			};
			buildConfigurationList = 57D0240020D3A6D600DCAE69 /* Build configuration list for PBXProject "SwiftCustomViews" */;
			compatibilityVersion = "Xcode 9.3";
			developmentRegion = en;
			hasScannedForEncodings = 0;
			knownRegions = (
				en,
				Base,
			);
			mainGroup = 57D023FC20D3A6D600DCAE69;
			productRefGroup = 57D0240620D3A6D600DCAE69 /* Products */;
			projectDirPath = "";
			projectRoot = "";
			targets = (
				57D0240420D3A6D600DCAE69 /* SwiftCustomViews */,
			);
		};
/* End PBXProject section */

/* Begin PBXResourcesBuildPhase section */
		57D0240320D3A6D600DCAE69 /* Resources */ = {
			isa = PBXResourcesBuildPhase;
			buildActionMask = 2147483647;
			files = (
				57D0241320D3A6D700DCAE69 /* LaunchScreen.storyboard in Resources */,
				57D0241020D3A6D700DCAE69 /* Assets.xcassets in Resources */,
				57D0240E20D3A6D600DCAE69 /* Main.storyboard in Resources */,
				57D0242420D3B25D00DCAE69 /* CustomViewWithXIB.xib in Resources */,
				57397E482132F21E002A07D8 /* CustomViewXib.xib in Resources */,
			);
			runOnlyForDeploymentPostprocessing = 0;
		};
/* End PBXResourcesBuildPhase section */

/* Begin PBXSourcesBuildPhase section */
		57D0240120D3A6D600DCAE69 /* Sources */ = {
			isa = PBXSourcesBuildPhase;
			buildActionMask = 2147483647;
			files = (
				5746C4F720D3BAB800DAA99F /* RoundButton.swift in Sources */,
				57397E462132F212002A07D8 /* CustomViewXib.swift in Sources */,
				57D0241D20D3AD0800DCAE69 /* CustomViewWithXIB.swift in Sources */,
				57D0242120D3B22400DCAE69 /* CommonCustomViewController.swift in Sources */,
				57D0241F20D3AD1200DCAE69 /* CustomView.swift in Sources */,
				57D0240920D3A6D600DCAE69 /* AppDelegate.swift in Sources */,
			);
			runOnlyForDeploymentPostprocessing = 0;
		};
/* End PBXSourcesBuildPhase section */

/* Begin PBXVariantGroup section */
		57D0240C20D3A6D600DCAE69 /* Main.storyboard */ = {
			isa = PBXVariantGroup;
			children = (
				57D0240D20D3A6D600DCAE69 /* Base */,
			);
			name = Main.storyboard;
			sourceTree = "<group>";
		};
		57D0241120D3A6D700DCAE69 /* LaunchScreen.storyboard */ = {
			isa = PBXVariantGroup;
			children = (
				57D0241220D3A6D700DCAE69 /* Base */,
			);
			name = LaunchScreen.storyboard;
			sourceTree = "<group>";
		};
/* End PBXVariantGroup section */

/* Begin XCBuildConfiguration section */
		57D0241520D3A6D700DCAE69 /* Debug */ = {
			isa = XCBuildConfiguration;
			buildSettings = {
				ALWAYS_SEARCH_USER_PATHS = NO;
				CLANG_ANALYZER_NONNULL = YES;
				CLANG_ANALYZER_NUMBER_OBJECT_CONVERSION = YES_AGGRESSIVE;
				CLANG_CXX_LANGUAGE_STANDARD = "gnu++14";
				CLANG_CXX_LIBRARY = "libc++";
				CLANG_ENABLE_MODULES = YES;
				CLANG_ENABLE_OBJC_ARC = YES;
				CLANG_ENABLE_OBJC_WEAK = YES;
				CLANG_WARN_BLOCK_CAPTURE_AUTORELEASING = YES;
				CLANG_WARN_BOOL_CONVERSION = YES;
				CLANG_WARN_COMMA = YES;
				CLANG_WARN_CONSTANT_CONVERSION = YES;
				CLANG_WARN_DEPRECATED_OBJC_IMPLEMENTATIONS = YES;
				CLANG_WARN_DIRECT_OBJC_ISA_USAGE = YES_ERROR;
				CLANG_WARN_DOCUMENTATION_COMMENTS = YES;
				CLANG_WARN_EMPTY_BODY = YES;
				CLANG_WARN_ENUM_CONVERSION = YES;
				CLANG_WARN_INFINITE_RECURSION = YES;
				CLANG_WARN_INT_CONVERSION = YES;
				CLANG_WARN_NON_LITERAL_NULL_CONVERSION = YES;
				CLANG_WARN_OBJC_IMPLICIT_RETAIN_SELF = YES;
				CLANG_WARN_OBJC_LITERAL_CONVERSION = YES;
				CLANG_WARN_OBJC_ROOT_CLASS = YES_ERROR;
				CLANG_WARN_RANGE_LOOP_ANALYSIS = YES;
				CLANG_WARN_STRICT_PROTOTYPES = YES;
				CLANG_WARN_SUSPICIOUS_MOVE = YES;
				CLANG_WARN_UNGUARDED_AVAILABILITY = YES_AGGRESSIVE;
				CLANG_WARN_UNREACHABLE_CODE = YES;
				CLANG_WARN__DUPLICATE_METHOD_MATCH = YES;
				CODE_SIGN_IDENTITY = "iPhone Developer";
				COPY_PHASE_STRIP = NO;
				DEBUG_INFORMATION_FORMAT = dwarf;
				ENABLE_STRICT_OBJC_MSGSEND = YES;
				ENABLE_TESTABILITY = YES;
				GCC_C_LANGUAGE_STANDARD = gnu11;
				GCC_DYNAMIC_NO_PIC = NO;
				GCC_NO_COMMON_BLOCKS = YES;
				GCC_OPTIMIZATION_LEVEL = 0;
				GCC_PREPROCESSOR_DEFINITIONS = (
					"DEBUG=1",
					"$(inherited)",
				);
				GCC_WARN_64_TO_32_BIT_CONVERSION = YES;
				GCC_WARN_ABOUT_RETURN_TYPE = YES_ERROR;
				GCC_WARN_UNDECLARED_SELECTOR = YES;
				GCC_WARN_UNINITIALIZED_AUTOS = YES_AGGRESSIVE;
				GCC_WARN_UNUSED_FUNCTION = YES;
				GCC_WARN_UNUSED_VARIABLE = YES;
				IPHONEOS_DEPLOYMENT_TARGET = 11.3;
				MTL_ENABLE_DEBUG_INFO = YES;
				ONLY_ACTIVE_ARCH = YES;
				SDKROOT = iphoneos;
				SWIFT_ACTIVE_COMPILATION_CONDITIONS = DEBUG;
				SWIFT_OPTIMIZATION_LEVEL = "-Onone";
			};
			name = Debug;
		};
		57D0241620D3A6D700DCAE69 /* Release */ = {
			isa = XCBuildConfiguration;
			buildSettings = {
				ALWAYS_SEARCH_USER_PATHS = NO;
				CLANG_ANALYZER_NONNULL = YES;
				CLANG_ANALYZER_NUMBER_OBJECT_CONVERSION = YES_AGGRESSIVE;
				CLANG_CXX_LANGUAGE_STANDARD = "gnu++14";
				CLANG_CXX_LIBRARY = "libc++";
				CLANG_ENABLE_MODULES = YES;
				CLANG_ENABLE_OBJC_ARC = YES;
				CLANG_ENABLE_OBJC_WEAK = YES;
				CLANG_WARN_BLOCK_CAPTURE_AUTORELEASING = YES;
				CLANG_WARN_BOOL_CONVERSION = YES;
				CLANG_WARN_COMMA = YES;
				CLANG_WARN_CONSTANT_CONVERSION = YES;
				CLANG_WARN_DEPRECATED_OBJC_IMPLEMENTATIONS = YES;
				CLANG_WARN_DIRECT_OBJC_ISA_USAGE = YES_ERROR;
				CLANG_WARN_DOCUMENTATION_COMMENTS = YES;
				CLANG_WARN_EMPTY_BODY = YES;
				CLANG_WARN_ENUM_CONVERSION = YES;
				CLANG_WARN_INFINITE_RECURSION = YES;
				CLANG_WARN_INT_CONVERSION = YES;
				CLANG_WARN_NON_LITERAL_NULL_CONVERSION = YES;
				CLANG_WARN_OBJC_IMPLICIT_RETAIN_SELF = YES;
				CLANG_WARN_OBJC_LITERAL_CONVERSION = YES;
				CLANG_WARN_OBJC_ROOT_CLASS = YES_ERROR;
				CLANG_WARN_RANGE_LOOP_ANALYSIS = YES;
				CLANG_WARN_STRICT_PROTOTYPES = YES;
				CLANG_WARN_SUSPICIOUS_MOVE = YES;
				CLANG_WARN_UNGUARDED_AVAILABILITY = YES_AGGRESSIVE;
				CLANG_WARN_UNREACHABLE_CODE = YES;
				CLANG_WARN__DUPLICATE_METHOD_MATCH = YES;
				CODE_SIGN_IDENTITY = "iPhone Developer";
				COPY_PHASE_STRIP = NO;
				DEBUG_INFORMATION_FORMAT = "dwarf-with-dsym";
				ENABLE_NS_ASSERTIONS = NO;
				ENABLE_STRICT_OBJC_MSGSEND = YES;
				GCC_C_LANGUAGE_STANDARD = gnu11;
				GCC_NO_COMMON_BLOCKS = YES;
				GCC_WARN_64_TO_32_BIT_CONVERSION = YES;
				GCC_WARN_ABOUT_RETURN_TYPE = YES_ERROR;
				GCC_WARN_UNDECLARED_SELECTOR = YES;
				GCC_WARN_UNINITIALIZED_AUTOS = YES_AGGRESSIVE;
				GCC_WARN_UNUSED_FUNCTION = YES;
				GCC_WARN_UNUSED_VARIABLE = YES;
				IPHONEOS_DEPLOYMENT_TARGET = 11.3;
				MTL_ENABLE_DEBUG_INFO = NO;
				SDKROOT = iphoneos;
				SWIFT_COMPILATION_MODE = wholemodule;
				SWIFT_OPTIMIZATION_LEVEL = "-O";
				VALIDATE_PRODUCT = YES;
			};
			name = Release;
		};
		57D0241820D3A6D700DCAE69 /* Debug */ = {
			isa = XCBuildConfiguration;
			buildSettings = {
				ASSETCATALOG_COMPILER_APPICON_NAME = AppIcon;
				CODE_SIGN_STYLE = Automatic;
				INFOPLIST_FILE = SwiftCustomViews/Info.plist;
				LD_RUNPATH_SEARCH_PATHS = (
					"$(inherited)",
					"@executable_path/Frameworks",
				);
				PRODUCT_BUNDLE_IDENTIFIER = nDevil.SwiftCustomViews;
				PRODUCT_NAME = "$(TARGET_NAME)";
				SWIFT_VERSION = 4.0;
				TARGETED_DEVICE_FAMILY = "1,2";
			};
			name = Debug;
		};
		57D0241920D3A6D700DCAE69 /* Release */ = {
			isa = XCBuildConfiguration;
			buildSettings = {
				ASSETCATALOG_COMPILER_APPICON_NAME = AppIcon;
				CODE_SIGN_STYLE = Automatic;
				INFOPLIST_FILE = SwiftCustomViews/Info.plist;
				LD_RUNPATH_SEARCH_PATHS = (
					"$(inherited)",
					"@executable_path/Frameworks",
				);
				PRODUCT_BUNDLE_IDENTIFIER = nDevil.SwiftCustomViews;
				PRODUCT_NAME = "$(TARGET_NAME)";
				SWIFT_VERSION = 4.0;
				TARGETED_DEVICE_FAMILY = "1,2";
			};
			name = Release;
		};
/* End XCBuildConfiguration section */

/* Begin XCConfigurationList section */
		57D0240020D3A6D600DCAE69 /* Build configuration list for PBXProject "SwiftCustomViews" */ = {
			isa = XCConfigurationList;
			buildConfigurations = (
				57D0241520D3A6D700DCAE69 /* Debug */,
				57D0241620D3A6D700DCAE69 /* Release */,
			);
			defaultConfigurationIsVisible = 0;
			defaultConfigurationName = Release;
		};
		57D0241720D3A6D700DCAE69 /* Build configuration list for PBXNativeTarget "SwiftCustomViews" */ = {
			isa = XCConfigurationList;
			buildConfigurations = (
				57D0241820D3A6D700DCAE69 /* Debug */,
				57D0241920D3A6D700DCAE69 /* Release */,
			);
			defaultConfigurationIsVisible = 0;
			defaultConfigurationName = Release;
		};
/* End XCConfigurationList section */
	};
	rootObject = 57D023FD20D3A6D600DCAE69 /* Project object */;
}
